// !$*UTF8*$!
{
	archiveVersion = 1;
	classes = {
	};
	objectVersion = 48;
	objects = {

/* Begin PBXBuildFile section */
		9C94CC6A20EFBA2900F60018 /* AppDelegate.m in Sources */ = {isa = PBXBuildFile; fileRef = 9C94CC6920EFBA2900F60018 /* AppDelegate.m */; };
		9C94CC6D20EFBA2900F60018 /* ViewController.m in Sources */ = {isa = PBXBuildFile; fileRef = 9C94CC6C20EFBA2900F60018 /* ViewController.m */; };
		9C94CC7020EFBA2900F60018 /* Main.storyboard in Resources */ = {isa = PBXBuildFile; fileRef = 9C94CC6E20EFBA2900F60018 /* Main.storyboard */; };
		9C94CC7220EFBA2900F60018 /* Assets.xcassets in Resources */ = {isa = PBXBuildFile; fileRef = 9C94CC7120EFBA2900F60018 /* Assets.xcassets */; };
		9C94CC7520EFBA2900F60018 /* LaunchScreen.storyboard in Resources */ = {isa = PBXBuildFile; fileRef = 9C94CC7320EFBA2900F60018 /* LaunchScreen.storyboard */; };
		9C94CC7820EFBA2900F60018 /* main.m in Sources */ = {isa = PBXBuildFile; fileRef = 9C94CC7720EFBA2900F60018 /* main.m */; };
		9C94CC8220EFBA2900F60018 /* CustomLayerTests.m in Sources */ = {isa = PBXBuildFile; fileRef = 9C94CC8120EFBA2900F60018 /* CustomLayerTests.m */; };
		9C94CC8D20EFBA2900F60018 /* CustomLayerUITests.m in Sources */ = {isa = PBXBuildFile; fileRef = 9C94CC8C20EFBA2900F60018 /* CustomLayerUITests.m */; };
/* End PBXBuildFile section */

/* Begin PBXContainerItemProxy section */
		9C94CC7E20EFBA2900F60018 /* PBXContainerItemProxy */ = {
			isa = PBXContainerItemProxy;
			containerPortal = 9C94CC5D20EFBA2800F60018 /* Project object */;
			proxyType = 1;
			remoteGlobalIDString = 9C94CC6420EFBA2800F60018;
			remoteInfo = CustomLayer;
		};
		9C94CC8920EFBA2900F60018 /* PBXContainerItemProxy */ = {
			isa = PBXContainerItemProxy;
			containerPortal = 9C94CC5D20EFBA2800F60018 /* Project object */;
			proxyType = 1;
			remoteGlobalIDString = 9C94CC6420EFBA2800F60018;
			remoteInfo = CustomLayer;
		};
/* End PBXContainerItemProxy section */

/* Begin PBXFileReference section */
		9C94CC6520EFBA2800F60018 /* CustomLayer.app */ = {isa = PBXFileReference; explicitFileType = wrapper.application; includeInIndex = 0; path = CustomLayer.app; sourceTree = BUILT_PRODUCTS_DIR; };
		9C94CC6820EFBA2800F60018 /* AppDelegate.h */ = {isa = PBXFileReference; lastKnownFileType = sourcecode.c.h; path = AppDelegate.h; sourceTree = "<group>"; };
		9C94CC6920EFBA2900F60018 /* AppDelegate.m */ = {isa = PBXFileReference; lastKnownFileType = sourcecode.c.objc; path = AppDelegate.m; sourceTree = "<group>"; };
		9C94CC6B20EFBA2900F60018 /* ViewController.h */ = {isa = PBXFileReference; lastKnownFileType = sourcecode.c.h; path = ViewController.h; sourceTree = "<group>"; };
		9C94CC6C20EFBA2900F60018 /* ViewController.m */ = {isa = PBXFileReference; lastKnownFileType = sourcecode.c.objc; path = ViewController.m; sourceTree = "<group>"; };
		9C94CC6F20EFBA2900F60018 /* Base */ = {isa = PBXFileReference; lastKnownFileType = file.storyboard; name = Base; path = Base.lproj/Main.storyboard; sourceTree = "<group>"; };
		9C94CC7120EFBA2900F60018 /* Assets.xcassets */ = {isa = PBXFileReference; lastKnownFileType = folder.assetcatalog; path = Assets.xcassets; sourceTree = "<group>"; };
		9C94CC7420EFBA2900F60018 /* Base */ = {isa = PBXFileReference; lastKnownFileType = file.storyboard; name = Base; path = Base.lproj/LaunchScreen.storyboard; sourceTree = "<group>"; };
		9C94CC7620EFBA2900F60018 /* Info.plist */ = {isa = PBXFileReference; lastKnownFileType = text.plist.xml; path = Info.plist; sourceTree = "<group>"; };
		9C94CC7720EFBA2900F60018 /* main.m */ = {isa = PBXFileReference; lastKnownFileType = sourcecode.c.objc; path = main.m; sourceTree = "<group>"; };
		9C94CC7D20EFBA2900F60018 /* CustomLayerTests.xctest */ = {isa = PBXFileReference; explicitFileType = wrapper.cfbundle; includeInIndex = 0; path = CustomLayerTests.xctest; sourceTree = BUILT_PRODUCTS_DIR; };
		9C94CC8120EFBA2900F60018 /* CustomLayerTests.m */ = {isa = PBXFileReference; lastKnownFileType = sourcecode.c.objc; path = CustomLayerTests.m; sourceTree = "<group>"; };
		9C94CC8320EFBA2900F60018 /* Info.plist */ = {isa = PBXFileReference; lastKnownFileType = text.plist.xml; path = Info.plist; sourceTree = "<group>"; };
		9C94CC8820EFBA2900F60018 /* CustomLayerUITests.xctest */ = {isa = PBXFileReference; explicitFileType = wrapper.cfbundle; includeInIndex = 0; path = CustomLayerUITests.xctest; sourceTree = BUILT_PRODUCTS_DIR; };
		9C94CC8C20EFBA2900F60018 /* CustomLayerUITests.m */ = {isa = PBXFileReference; lastKnownFileType = sourcecode.c.objc; path = CustomLayerUITests.m; sourceTree = "<group>"; };
		9C94CC8E20EFBA2900F60018 /* Info.plist */ = {isa = PBXFileReference; lastKnownFileType = text.plist.xml; path = Info.plist; sourceTree = "<group>"; };
/* End PBXFileReference section */

/* Begin PBXFrameworksBuildPhase section */
		9C94CC6220EFBA2800F60018 /* Frameworks */ = {
			isa = PBXFrameworksBuildPhase;
			buildActionMask = 2147483647;
			files = (
			);
			runOnlyForDeploymentPostprocessing = 0;
		};
		9C94CC7A20EFBA2900F60018 /* Frameworks */ = {
			isa = PBXFrameworksBuildPhase;
			buildActionMask = 2147483647;
			files = (
			);
			runOnlyForDeploymentPostprocessing = 0;
		};
		9C94CC8520EFBA2900F60018 /* Frameworks */ = {
			isa = PBXFrameworksBuildPhase;
			buildActionMask = 2147483647;
			files = (
			);
			runOnlyForDeploymentPostprocessing = 0;
		};
/* End PBXFrameworksBuildPhase section */

/* Begin PBXGroup section */
		9C94CC5C20EFBA2800F60018 = {
			isa = PBXGroup;
			children = (
				9C94CC6720EFBA2800F60018 /* CustomLayer */,
				9C94CC8020EFBA2900F60018 /* CustomLayerTests */,
				9C94CC8B20EFBA2900F60018 /* CustomLayerUITests */,
				9C94CC6620EFBA2800F60018 /* Products */,
			);
			sourceTree = "<group>";
		};
		9C94CC6620EFBA2800F60018 /* Products */ = {
			isa = PBXGroup;
			children = (
				9C94CC6520EFBA2800F60018 /* CustomLayer.app */,
				9C94CC7D20EFBA2900F60018 /* CustomLayerTests.xctest */,
				9C94CC8820EFBA2900F60018 /* CustomLayerUITests.xctest */,
			);
			name = Products;
			sourceTree = "<group>";
		};
		9C94CC6720EFBA2800F60018 /* CustomLayer */ = {
			isa = PBXGroup;
			children = (
				9C94CC6820EFBA2800F60018 /* AppDelegate.h */,
				9C94CC6920EFBA2900F60018 /* AppDelegate.m */,
				9C94CC6B20EFBA2900F60018 /* ViewController.h */,
				9C94CC6C20EFBA2900F60018 /* ViewController.m */,
				9C94CC6E20EFBA2900F60018 /* Main.storyboard */,
				9C94CC7120EFBA2900F60018 /* Assets.xcassets */,
				9C94CC7320EFBA2900F60018 /* LaunchScreen.storyboard */,
				9C94CC7620EFBA2900F60018 /* Info.plist */,
				9C94CC7720EFBA2900F60018 /* main.m */,
			);
			path = CustomLayer;
			sourceTree = "<group>";
		};
		9C94CC8020EFBA2900F60018 /* CustomLayerTests */ = {
			isa = PBXGroup;
			children = (
				9C94CC8120EFBA2900F60018 /* CustomLayerTests.m */,
				9C94CC8320EFBA2900F60018 /* Info.plist */,
			);
			path = CustomLayerTests;
			sourceTree = "<group>";
		};
		9C94CC8B20EFBA2900F60018 /* CustomLayerUITests */ = {
			isa = PBXGroup;
			children = (
				9C94CC8C20EFBA2900F60018 /* CustomLayerUITests.m */,
				9C94CC8E20EFBA2900F60018 /* Info.plist */,
			);
			path = CustomLayerUITests;
			sourceTree = "<group>";
		};
/* End PBXGroup section */

/* Begin PBXNativeTarget section */
		9C94CC6420EFBA2800F60018 /* CustomLayer */ = {
			isa = PBXNativeTarget;
			buildConfigurationList = 9C94CC9120EFBA2900F60018 /* Build configuration list for PBXNativeTarget "CustomLayer" */;
			buildPhases = (
				9C94CC6120EFBA2800F60018 /* Sources */,
				9C94CC6220EFBA2800F60018 /* Frameworks */,
				9C94CC6320EFBA2800F60018 /* Resources */,
			);
			buildRules = (
			);
			dependencies = (
			);
			name = CustomLayer;
			productName = CustomLayer;
			productReference = 9C94CC6520EFBA2800F60018 /* CustomLayer.app */;
			productType = "com.apple.product-type.application";
		};
		9C94CC7C20EFBA2900F60018 /* CustomLayerTests */ = {
			isa = PBXNativeTarget;
			buildConfigurationList = 9C94CC9420EFBA2900F60018 /* Build configuration list for PBXNativeTarget "CustomLayerTests" */;
			buildPhases = (
				9C94CC7920EFBA2900F60018 /* Sources */,
				9C94CC7A20EFBA2900F60018 /* Frameworks */,
				9C94CC7B20EFBA2900F60018 /* Resources */,
			);
			buildRules = (
			);
			dependencies = (
				9C94CC7F20EFBA2900F60018 /* PBXTargetDependency */,
			);
			name = CustomLayerTests;
			productName = CustomLayerTests;
			productReference = 9C94CC7D20EFBA2900F60018 /* CustomLayerTests.xctest */;
			productType = "com.apple.product-type.bundle.unit-test";
		};
		9C94CC8720EFBA2900F60018 /* CustomLayerUITests */ = {
			isa = PBXNativeTarget;
			buildConfigurationList = 9C94CC9720EFBA2900F60018 /* Build configuration list for PBXNativeTarget "CustomLayerUITests" */;
			buildPhases = (
				9C94CC8420EFBA2900F60018 /* Sources */,
				9C94CC8520EFBA2900F60018 /* Frameworks */,
				9C94CC8620EFBA2900F60018 /* Resources */,
			);
			buildRules = (
			);
			dependencies = (
				9C94CC8A20EFBA2900F60018 /* PBXTargetDependency */,
			);
			name = CustomLayerUITests;
			productName = CustomLayerUITests;
			productReference = 9C94CC8820EFBA2900F60018 /* CustomLayerUITests.xctest */;
			productType = "com.apple.product-type.bundle.ui-testing";
		};
/* End PBXNativeTarget section */

/* Begin PBXProject section */
		9C94CC5D20EFBA2800F60018 /* Project object */ = {
			isa = PBXProject;
			attributes = {
				LastUpgradeCheck = 0920;
				ORGANIZATIONNAME = "乐培培";
				TargetAttributes = {
					9C94CC6420EFBA2800F60018 = {
						CreatedOnToolsVersion = 9.2;
						ProvisioningStyle = Automatic;
					};
					9C94CC7C20EFBA2900F60018 = {
						CreatedOnToolsVersion = 9.2;
						ProvisioningStyle = Automatic;
						TestTargetID = 9C94CC6420EFBA2800F60018;
					};
					9C94CC8720EFBA2900F60018 = {
						CreatedOnToolsVersion = 9.2;
						ProvisioningStyle = Automatic;
						TestTargetID = 9C94CC6420EFBA2800F60018;
					};
				};
			};
			buildConfigurationList = 9C94CC6020EFBA2800F60018 /* Build configuration list for PBXProject "CustomLayer" */;
			compatibilityVersion = "Xcode 8.0";
			developmentRegion = en;
			hasScannedForEncodings = 0;
			knownRegions = (
				en,
				Base,
			);
			mainGroup = 9C94CC5C20EFBA2800F60018;
			productRefGroup = 9C94CC6620EFBA2800F60018 /* Products */;
			projectDirPath = "";
			projectRoot = "";
			targets = (
				9C94CC6420EFBA2800F60018 /* CustomLayer */,
				9C94CC7C20EFBA2900F60018 /* CustomLayerTests */,
				9C94CC8720EFBA2900F60018 /* CustomLayerUITests */,
			);
		};
/* End PBXProject section */

/* Begin PBXResourcesBuildPhase section */
		9C94CC6320EFBA2800F60018 /* Resources */ = {
			isa = PBXResourcesBuildPhase;
			buildActionMask = 2147483647;
			files = (
				9C94CC7520EFBA2900F60018 /* LaunchScreen.storyboard in Resources */,
				9C94CC7220EFBA2900F60018 /* Assets.xcassets in Resources */,
				9C94CC7020EFBA2900F60018 /* Main.storyboard in Resources */,
			);
			runOnlyForDeploymentPostprocessing = 0;
		};
		9C94CC7B20EFBA2900F60018 /* Resources */ = {
			isa = PBXResourcesBuildPhase;
			buildActionMask = 2147483647;
			files = (
			);
			runOnlyForDeploymentPostprocessing = 0;
		};
		9C94CC8620EFBA2900F60018 /* Resources */ = {
			isa = PBXResourcesBuildPhase;
			buildActionMask = 2147483647;
			files = (
			);
			runOnlyForDeploymentPostprocessing = 0;
		};
/* End PBXResourcesBuildPhase section */

/* Begin PBXSourcesBuildPhase section */
		9C94CC6120EFBA2800F60018 /* Sources */ = {
			isa = PBXSourcesBuildPhase;
			buildActionMask = 2147483647;
			files = (
				9C94CC6D20EFBA2900F60018 /* ViewController.m in Sources */,
				9C94CC7820EFBA2900F60018 /* main.m in Sources */,
				9C94CC6A20EFBA2900F60018 /* AppDelegate.m in Sources */,
			);
			runOnlyForDeploymentPostprocessing = 0;
		};
		9C94CC7920EFBA2900F60018 /* Sources */ = {
			isa = PBXSourcesBuildPhase;
			buildActionMask = 2147483647;
			files = (
				9C94CC8220EFBA2900F60018 /* CustomLayerTests.m in Sources */,
			);
			runOnlyForDeploymentPostprocessing = 0;
		};
		9C94CC8420EFBA2900F60018 /* Sources */ = {
			isa = PBXSourcesBuildPhase;
			buildActionMask = 2147483647;
			files = (
				9C94CC8D20EFBA2900F60018 /* CustomLayerUITests.m in Sources */,
			);
			runOnlyForDeploymentPostprocessing = 0;
		};
/* End PBXSourcesBuildPhase section */

/* Begin PBXTargetDependency section */
		9C94CC7F20EFBA2900F60018 /* PBXTargetDependency */ = {
			isa = PBXTargetDependency;
			target = 9C94CC6420EFBA2800F60018 /* CustomLayer */;
			targetProxy = 9C94CC7E20EFBA2900F60018 /* PBXContainerItemProxy */;
		};
		9C94CC8A20EFBA2900F60018 /* PBXTargetDependency */ = {
			isa = PBXTargetDependency;
			target = 9C94CC6420EFBA2800F60018 /* CustomLayer */;
			targetProxy = 9C94CC8920EFBA2900F60018 /* PBXContainerItemProxy */;
		};
/* End PBXTargetDependency section */

/* Begin PBXVariantGroup section */
		9C94CC6E20EFBA2900F60018 /* Main.storyboard */ = {
			isa = PBXVariantGroup;
			children = (
				9C94CC6F20EFBA2900F60018 /* Base */,
			);
			name = Main.storyboard;
			sourceTree = "<group>";
		};
		9C94CC7320EFBA2900F60018 /* LaunchScreen.storyboard */ = {
			isa = PBXVariantGroup;
			children = (
				9C94CC7420EFBA2900F60018 /* Base */,
			);
			name = LaunchScreen.storyboard;
			sourceTree = "<group>";
		};
/* End PBXVariantGroup section */

/* Begin XCBuildConfiguration section */
		9C94CC8F20EFBA2900F60018 /* Debug */ = {
			isa = XCBuildConfiguration;
			buildSettings = {
				ALWAYS_SEARCH_USER_PATHS = NO;
				CLANG_ANALYZER_NONNULL = YES;
				CLANG_ANALYZER_NUMBER_OBJECT_CONVERSION = YES_AGGRESSIVE;
				CLANG_CXX_LANGUAGE_STANDARD = "gnu++14";
				CLANG_CXX_LIBRARY = "libc++";
				CLANG_ENABLE_MODULES = YES;
				CLANG_ENABLE_OBJC_ARC = YES;
				CLANG_WARN_BLOCK_CAPTURE_AUTORELEASING = YES;
				CLANG_WARN_BOOL_CONVERSION = YES;
				CLANG_WARN_COMMA = YES;
				CLANG_WARN_CONSTANT_CONVERSION = YES;
				CLANG_WARN_DIRECT_OBJC_ISA_USAGE = YES_ERROR;
				CLANG_WARN_DOCUMENTATION_COMMENTS = YES;
				CLANG_WARN_EMPTY_BODY = YES;
				CLANG_WARN_ENUM_CONVERSION = YES;
				CLANG_WARN_INFINITE_RECURSION = YES;
				CLANG_WARN_INT_CONVERSION = YES;
				CLANG_WARN_NON_LITERAL_NULL_CONVERSION = YES;
				CLANG_WARN_OBJC_LITERAL_CONVERSION = YES;
				CLANG_WARN_OBJC_ROOT_CLASS = YES_ERROR;
				CLANG_WARN_RANGE_LOOP_ANALYSIS = YES;
				CLANG_WARN_STRICT_PROTOTYPES = YES;
				CLANG_WARN_SUSPICIOUS_MOVE = YES;
				CLANG_WARN_UNGUARDED_AVAILABILITY = YES_AGGRESSIVE;
				CLANG_WARN_UNREACHABLE_CODE = YES;
				CLANG_WARN__DUPLICATE_METHOD_MATCH = YES;
				CODE_SIGN_IDENTITY = "iPhone Developer";
				COPY_PHASE_STRIP = NO;
				DEBUG_INFORMATION_FORMAT = dwarf;
				ENABLE_STRICT_OBJC_MSGSEND = YES;
				ENABLE_TESTABILITY = YES;
				GCC_C_LANGUAGE_STANDARD = gnu11;
				GCC_DYNAMIC_NO_PIC = NO;
				GCC_NO_COMMON_BLOCKS = YES;
				GCC_OPTIMIZATION_LEVEL = 0;
				GCC_PREPROCESSOR_DEFINITIONS = (
					"DEBUG=1",
					"$(inherited)",
				);
				GCC_WARN_64_TO_32_BIT_CONVERSION = YES;
				GCC_WARN_ABOUT_RETURN_TYPE = YES_ERROR;
				GCC_WARN_UNDECLARED_SELECTOR = YES;
				GCC_WARN_UNINITIALIZED_AUTOS = YES_AGGRESSIVE;
				GCC_WARN_UNUSED_FUNCTION = YES;
				GCC_WARN_UNUSED_VARIABLE = YES;
				IPHONEOS_DEPLOYMENT_TARGET = 11.2;
				MTL_ENABLE_DEBUG_INFO = YES;
				ONLY_ACTIVE_ARCH = YES;
				SDKROOT = iphoneos;
			};
			name = Debug;
		};
		9C94CC9020EFBA2900F60018 /* Release */ = {
			isa = XCBuildConfiguration;
			buildSettings = {
				ALWAYS_SEARCH_USER_PATHS = NO;
				CLANG_ANALYZER_NONNULL = YES;
				CLANG_ANALYZER_NUMBER_OBJECT_CONVERSION = YES_AGGRESSIVE;
				CLANG_CXX_LANGUAGE_STANDARD = "gnu++14";
				CLANG_CXX_LIBRARY = "libc++";
				CLANG_ENABLE_MODULES = YES;
				CLANG_ENABLE_OBJC_ARC = YES;
				CLANG_WARN_BLOCK_CAPTURE_AUTORELEASING = YES;
				CLANG_WARN_BOOL_CONVERSION = YES;
				CLANG_WARN_COMMA = YES;
				CLANG_WARN_CONSTANT_CONVERSION = YES;
				CLANG_WARN_DIRECT_OBJC_ISA_USAGE = YES_ERROR;
				CLANG_WARN_DOCUMENTATION_COMMENTS = YES;
				CLANG_WARN_EMPTY_BODY = YES;
				CLANG_WARN_ENUM_CONVERSION = YES;
				CLANG_WARN_INFINITE_RECURSION = YES;
				CLANG_WARN_INT_CONVERSION = YES;
				CLANG_WARN_NON_LITERAL_NULL_CONVERSION = YES;
				CLANG_WARN_OBJC_LITERAL_CONVERSION = YES;
				CLANG_WARN_OBJC_ROOT_CLASS = YES_ERROR;
				CLANG_WARN_RANGE_LOOP_ANALYSIS = YES;
				CLANG_WARN_STRICT_PROTOTYPES = YES;
				CLANG_WARN_SUSPICIOUS_MOVE = YES;
				CLANG_WARN_UNGUARDED_AVAILABILITY = YES_AGGRESSIVE;
				CLANG_WARN_UNREACHABLE_CODE = YES;
				CLANG_WARN__DUPLICATE_METHOD_MATCH = YES;
				CODE_SIGN_IDENTITY = "iPhone Developer";
				COPY_PHASE_STRIP = NO;
				DEBUG_INFORMATION_FORMAT = "dwarf-with-dsym";
				ENABLE_NS_ASSERTIONS = NO;
				ENABLE_STRICT_OBJC_MSGSEND = YES;
				GCC_C_LANGUAGE_STANDARD = gnu11;
				GCC_NO_COMMON_BLOCKS = YES;
				GCC_WARN_64_TO_32_BIT_CONVERSION = YES;
				GCC_WARN_ABOUT_RETURN_TYPE = YES_ERROR;
				GCC_WARN_UNDECLARED_SELECTOR = YES;
				GCC_WARN_UNINITIALIZED_AUTOS = YES_AGGRESSIVE;
				GCC_WARN_UNUSED_FUNCTION = YES;
				GCC_WARN_UNUSED_VARIABLE = YES;
				IPHONEOS_DEPLOYMENT_TARGET = 11.2;
				MTL_ENABLE_DEBUG_INFO = NO;
				SDKROOT = iphoneos;
				VALIDATE_PRODUCT = YES;
			};
			name = Release;
		};
		9C94CC9220EFBA2900F60018 /* Debug */ = {
			isa = XCBuildConfiguration;
			buildSettings = {
				ASSETCATALOG_COMPILER_APPICON_NAME = AppIcon;
				CODE_SIGN_STYLE = Automatic;
				DEVELOPMENT_TEAM = 47A3N54MRY;
				INFOPLIST_FILE = CustomLayer/Info.plist;
				LD_RUNPATH_SEARCH_PATHS = "$(inherited) @executable_path/Frameworks";
				PRODUCT_BUNDLE_IDENTIFIER = Peyton.CustomLayer;
				PRODUCT_NAME = "$(TARGET_NAME)";
				TARGETED_DEVICE_FAMILY = "1,2";
			};
			name = Debug;
		};
		9C94CC9320EFBA2900F60018 /* Release */ = {
			isa = XCBuildConfiguration;
			buildSettings = {
				ASSETCATALOG_COMPILER_APPICON_NAME = AppIcon;
				CODE_SIGN_STYLE = Automatic;
				DEVELOPMENT_TEAM = 47A3N54MRY;
				INFOPLIST_FILE = CustomLayer/Info.plist;
				LD_RUNPATH_SEARCH_PATHS = "$(inherited) @executable_path/Frameworks";
				PRODUCT_BUNDLE_IDENTIFIER = Peyton.CustomLayer;
				PRODUCT_NAME = "$(TARGET_NAME)";
				TARGETED_DEVICE_FAMILY = "1,2";
			};
			name = Release;
		};
		9C94CC9520EFBA2900F60018 /* Debug */ = {
			isa = XCBuildConfiguration;
			buildSettings = {
				BUNDLE_LOADER = "$(TEST_HOST)";
				CODE_SIGN_STYLE = Automatic;
				DEVELOPMENT_TEAM = 47A3N54MRY;
				INFOPLIST_FILE = CustomLayerTests/Info.plist;
				LD_RUNPATH_SEARCH_PATHS = "$(inherited) @executable_path/Frameworks @loader_path/Frameworks";
				PRODUCT_BUNDLE_IDENTIFIER = Peyton.CustomLayerTests;
				PRODUCT_NAME = "$(TARGET_NAME)";
				TARGETED_DEVICE_FAMILY = "1,2";
				TEST_HOST = "$(BUILT_PRODUCTS_DIR)/CustomLayer.app/CustomLayer";
			};
			name = Debug;
		};
		9C94CC9620EFBA2900F60018 /* Release */ = {
			isa = XCBuildConfiguration;
			buildSettings = {
				BUNDLE_LOADER = "$(TEST_HOST)";
				CODE_SIGN_STYLE = Automatic;
				DEVELOPMENT_TEAM = 47A3N54MRY;
				INFOPLIST_FILE = CustomLayerTests/Info.plist;
				LD_RUNPATH_SEARCH_PATHS = "$(inherited) @executable_path/Frameworks @loader_path/Frameworks";
				PRODUCT_BUNDLE_IDENTIFIER = Peyton.CustomLayerTests;
				PRODUCT_NAME = "$(TARGET_NAME)";
				TARGETED_DEVICE_FAMILY = "1,2";
				TEST_HOST = "$(BUILT_PRODUCTS_DIR)/CustomLayer.app/CustomLayer";
			};
			name = Release;
		};
		9C94CC9820EFBA2900F60018 /* Debug */ = {
			isa = XCBuildConfiguration;
			buildSettings = {
				CODE_SIGN_STYLE = Automatic;
				DEVELOPMENT_TEAM = 47A3N54MRY;
				INFOPLIST_FILE = CustomLayerUITests/Info.plist;
				LD_RUNPATH_SEARCH_PATHS = "$(inherited) @executable_path/Frameworks @loader_path/Frameworks";
				PRODUCT_BUNDLE_IDENTIFIER = Peyton.CustomLayerUITests;
				PRODUCT_NAME = "$(TARGET_NAME)";
				TARGETED_DEVICE_FAMILY = "1,2";
				TEST_TARGET_NAME = CustomLayer;
			};
			name = Debug;
		};
		9C94CC9920EFBA2900F60018 /* Release */ = {
			isa = XCBuildConfiguration;
			buildSettings = {
				CODE_SIGN_STYLE = Automatic;
				DEVELOPMENT_TEAM = 47A3N54MRY;
				INFOPLIST_FILE = CustomLayerUITests/Info.plist;
				LD_RUNPATH_SEARCH_PATHS = "$(inherited) @executable_path/Frameworks @loader_path/Frameworks";
				PRODUCT_BUNDLE_IDENTIFIER = Peyton.CustomLayerUITests;
				PRODUCT_NAME = "$(TARGET_NAME)";
				TARGETED_DEVICE_FAMILY = "1,2";
				TEST_TARGET_NAME = CustomLayer;
			};
			name = Release;
		};
/* End XCBuildConfiguration section */

/* Begin XCConfigurationList section */
		9C94CC6020EFBA2800F60018 /* Build configuration list for PBXProject "CustomLayer" */ = {
			isa = XCConfigurationList;
			buildConfigurations = (
				9C94CC8F20EFBA2900F60018 /* Debug */,
				9C94CC9020EFBA2900F60018 /* Release */,
			);
			defaultConfigurationIsVisible = 0;
			defaultConfigurationName = Release;
		};
		9C94CC9120EFBA2900F60018 /* Build configuration list for PBXNativeTarget "CustomLayer" */ = {
			isa = XCConfigurationList;
			buildConfigurations = (
				9C94CC9220EFBA2900F60018 /* Debug */,
				9C94CC9320EFBA2900F60018 /* Release */,
			);
			defaultConfigurationIsVisible = 0;
			defaultConfigurationName = Release;
		};
		9C94CC9420EFBA2900F60018 /* Build configuration list for PBXNativeTarget "CustomLayerTests" */ = {
			isa = XCConfigurationList;
			buildConfigurations = (
				9C94CC9520EFBA2900F60018 /* Debug */,
				9C94CC9620EFBA2900F60018 /* Release */,
			);
			defaultConfigurationIsVisible = 0;
			defaultConfigurationName = Release;
		};
		9C94CC9720EFBA2900F60018 /* Build configuration list for PBXNativeTarget "CustomLayerUITests" */ = {
			isa = XCConfigurationList;
			buildConfigurations = (
				9C94CC9820EFBA2900F60018 /* Debug */,
				9C94CC9920EFBA2900F60018 /* Release */,
			);
			defaultConfigurationIsVisible = 0;
			defaultConfigurationName = Release;
		};
/* End XCConfigurationList section */
	};
	rootObject = 9C94CC5D20EFBA2800F60018 /* Project object */;
}
